# THIS IS AN AUTOGENERATED FILE. DO NOT EDIT THIS FILE DIRECTLY.
# yarn lockfile v1


"@types/strip-bom@^3.0.0":
  version "3.0.0"
  resolved "https://registry.yarnpkg.com/@types/strip-bom/-/strip-bom-3.0.0.tgz#14a8ec3956c2e81edb7520790aecf21c290aebd2"
  integrity sha512-xevGOReSYGM7g/kUBZzPqCrR/KYAo+F0yiPc85WFTJa0MSLtyFTVTU6cJu/aV4mid7IffDIWqo69THF2o4JiEQ==

"@types/strip-json-comments@0.0.30":
  version "0.0.30"
  resolved "https://registry.yarnpkg.com/@types/strip-json-comments/-/strip-json-comments-0.0.30.tgz#9aa30c04db212a9a0649d6ae6fd50accc40748a1"
  integrity sha512-7NQmHra/JILCd1QqpSzl8+mJRc8ZHz3uDm8YV1Ks9IhK0epEiTw8aIErbvH9PI+6XbqhyIQy3462nEsn7UVzjQ==

prettier@^3.0.3:
  version "3.1.0"
  resolved "https://registry.yarnpkg.com/prettier/-/prettier-3.1.0.tgz#c6d16474a5f764ea1a4a373c593b779697744d5e"
  integrity sha512-TQLvXjq5IAibjh8EpBIkNKxO749UEWABoiIZehEPiY4GNpVdhaFKqSTu+QrlU6D2dPAfubRmtJTi4K4YkQ5eXw==

strip-bom@^3.0.0:
  version "3.0.0"
  resolved "https://registry.yarnpkg.com/strip-bom/-/strip-bom-3.0.0.tgz#2334c18e9c759f7bdd56fdef7e9ae3d588e68ed3"
  integrity sha512-vavAMRXOgBVNF6nyEEmL3DBK19iRpDcoIwW+swQ+CbGiu7lju6t+JklA1MHweoWtadgt4ISVUsXLyDq34ddcwA==

strip-json-comments@^2.0.0:
  version "2.0.1"
  resolved "https://registry.yarnpkg.com/strip-json-comments/-/strip-json-comments-2.0.1.tgz#3c531942e908c2697c0ec344858c286c7ca0a60a"
  integrity sha512-4gB8na07fecVVkOI6Rs4e7T6NOTki5EmL7TUduTs6bu3EdnSycntVJ4re8kgZA+wx9IueI2Y11bfbgwtzuE0KQ==

"tsconfig@workspace:*":
  version "7.0.0"
  resolved "https://registry.yarnpkg.com/tsconfig/-/tsconfig-7.0.0.tgz#84538875a4dc216e5c4a5432b3a4dec3d54e91b7"
  integrity sha512-vZXmzPrL+EmC4T/4rVlT2jNVMWCi/O4DIiSj3UHg1OE5kCKbk4mfrXc6dZksLgRM/TZlKnousKH9bbTazUWRRw==
  dependencies:
    "@types/strip-bom" "^3.0.0"
    "@types/strip-json-comments" "0.0.30"
    strip-bom "^3.0.0"
    strip-json-comments "^2.0.0"

turbo-darwin-64@1.11.1:
  version "1.11.1"
  resolved "https://registry.yarnpkg.com/turbo-darwin-64/-/turbo-darwin-64-1.11.1.tgz#fc9c2e578bd2d270b9942b11750a519a39850c57"
  integrity sha512-JmwL8kcfxncDf2SZFioSa6dUvpMq/HbMcurh9mGm6BxWLQoB0d3fP/q3HizgCSbOE4ihScXoQ+c/C2xhl6Ngjg==

turbo-darwin-arm64@1.11.1:
  version "1.11.1"
  resolved "https://registry.yarnpkg.com/turbo-darwin-arm64/-/turbo-darwin-arm64-1.11.1.tgz#77ba7f16106dc6e48acad03ce37ccf41d2851017"
  integrity sha512-lIpT7nPkU0xmpkI8VOGQcgoQKmUATRMpRhTDclz6j/Px7Qtxjc+2PitKHKfR3aCnseoRMGkgMzPEJTPUwCpnlQ==

turbo-linux-64@1.11.1:
  version "1.11.1"
  resolved "https://registry.yarnpkg.com/turbo-linux-64/-/turbo-linux-64-1.11.1.tgz#40458e4db3c7b56b6347a42d9e4aab43acdcf197"
  integrity sha512-mHFSqMkgy3h/M8Ocj2oiOr6CqlCqB6coCPWVIAmraBk+SQywwsszgJ69GWBfm7lwwJvb3B1YN1wkZNe9ZZnBfg==

turbo-linux-arm64@1.11.1:
  version "1.11.1"
  resolved "https://registry.yarnpkg.com/turbo-linux-arm64/-/turbo-linux-arm64-1.11.1.tgz#3eb32d42851dbe7fb9627de29687171af2c20295"
  integrity sha512-6ybojTkAkymo1Ig7kU3s2YQUUSRf3l2qatPZgw3v4OmFTSU2feCU1sHjAEqhHwEjV1KciDo1wRl1gjjyby4foQ==

turbo-windows-64@1.11.1:
  version "1.11.1"
  resolved "https://registry.yarnpkg.com/turbo-windows-64/-/turbo-windows-64-1.11.1.tgz#b30bd6bd113fee6e455e96f99cf4cc069ef4964b"
  integrity sha512-ytWy6+yEtBfv6nbgCKW6HsolgUFAC1PZGMPzbqRGnCm2eLVWhDuwO1Yk7uq4cvdrpXcXgOMcPEoJZxUCDbeJaQ==

turbo-windows-arm64@1.11.1:
  version "1.11.1"
  resolved "https://registry.yarnpkg.com/turbo-windows-arm64/-/turbo-windows-arm64-1.11.1.tgz#9e152b30232ada57144004f0ff7939933ae0d57d"
  integrity sha512-O04DdJoRavOh/v9/MM5wWCEtOekO4aiLljNZc/fOh853sOhid61ZRSEYUmS9ecjmZ/OjKqedIfbkitaQ77c4xA==

turbo@latest:
  version "1.11.1"
  resolved "https://registry.yarnpkg.com/turbo/-/turbo-1.11.1.tgz#1a779ee58382397e2f4c538bc0f15a820081ba8c"
  integrity sha512-pmIsyTcyBJ5iJIaTjJyCxAq7YquDqyRai6FW2q0mFAkwK3k0p36wJ5yH85U2Ue6esrTKzeSEKskP4/fa7dv4+A==
  optionalDependencies:
    turbo-darwin-64 "1.11.1"
    turbo-darwin-arm64 "1.11.1"
    turbo-linux-64 "1.11.1"
    turbo-linux-arm64 "1.11.1"
    turbo-windows-64 "1.11.1"
    turbo-windows-arm64 "1.11.1"
